version = 1
revision = 1
requires-python = ">=3.13"

[[package]]
name = "deepstream-demo"
version = "0.1.0"
source = { virtual = "." }

[package.dev-dependencies]
dev = [
    { name = "pygobject-stubs" },
]

[package.metadata]

[package.metadata.requires-dev]
dev = [{ name = "pygobject-stubs", specifier = ">=2.13.0" }]

[[package]]
name = "pygobject-stubs"
version = "2.13.0"
source = { registry = "https://pypi.org/simple" }
sdist = { url = "https://files.pythonhosted.org/packages/d1/3f/d9a43ab76ad7a2d6d3a2968513b76760100c33128c6a0d3ac996dfb37c77/pygobject_stubs-2.13.0.tar.gz", hash = "sha256:4f608f5dfe10c3173f0a082416e22e27b693743c2a635de245c78a51458e2ab6", size = 870193 }
